
Microsoft Visual Studio Solution File, Format Version 12.00
# Visual Studio Version 16
VisualStudioVersion = 16.0.31702.278
MinimumVisualStudioVersion = 10.0.40219.1
Project("{FAE04EC0-301F-11D3-BF4B-00C04F79EFBC}") = "correspondencia", "correspondencia\correspondencia.csproj", "{69357C01-FC13-4311-A698-125CF4AC253B}"
EndProject
Global
	GlobalSection(SolutionConfigurationPlatforms) = preSolution
		Debug|Any CPU = Debug|Any CPU
		Release|Any CPU = Release|Any CPU
	EndGlobalSection
	GlobalSection(ProjectConfigurationPlatforms) = postSolution
		{69357C01-FC13-4311-A698-125CF4AC253B}.Debug|Any CPU.ActiveCfg = Debug|Any CPU
		{69357C01-FC13-4311-A698-125CF4AC253B}.Debug|Any CPU.Build.0 = Debug|Any CPU
		{69357C01-FC13-4311-A698-125CF4AC253B}.Release|Any CPU.ActiveCfg = Release|Any CPU
		{69357C01-FC13-4311-A698-125CF4AC253B}.Release|Any CPU.Build.0 = Release|Any CPU
	EndGlobalSection
	GlobalSection(SolutionProperties) = preSolution
		HideSolutionNode = FALSE
	EndGlobalSection
	GlobalSection(ExtensibilityGlobals) = postSolution
		SolutionGuid = {23658B9D-E7CA-4239-BD48-C2C28F431C4B}
	EndGlobalSection
EndGlobal
